
Microsoft Visual Studio Solution File, Format Version 12.00
# Visual Studio Version 17
VisualStudioVersion = 17.2.32516.85
MinimumVisualStudioVersion = 10.0.40219.1
Project("{FAE04EC0-301F-11D3-BF4B-00C04F79EFBC}") = "WebApplicationApi", "WebApplicationApi\WebApplicationApi.csproj", "{8B87FD3B-6072-46AE-9E62-3417B5B0C870}"
EndProject
Global
	GlobalSection(SolutionConfigurationPlatforms) = preSolution
		Debug|Any CPU = Debug|Any CPU
		Release|Any CPU = Release|Any CPU
	EndGlobalSection
	GlobalSection(ProjectConfigurationPlatforms) = postSolution
		{8B87FD3B-6072-46AE-9E62-3417B5B0C870}.Debug|Any CPU.ActiveCfg = Debug|Any CPU
		{8B87FD3B-6072-46AE-9E62-3417B5B0C870}.Debug|Any CPU.Build.0 = Debug|Any CPU
		{8B87FD3B-6072-46AE-9E62-3417B5B0C870}.Release|Any CPU.ActiveCfg = Release|Any CPU
		{8B87FD3B-6072-46AE-9E62-3417B5B0C870}.Release|Any CPU.Build.0 = Release|Any CPU
	EndGlobalSection
	GlobalSection(SolutionProperties) = preSolution
		HideSolutionNode = FALSE
	EndGlobalSection
	GlobalSection(ExtensibilityGlobals) = postSolution
		SolutionGuid = {67287E6F-4CA2-4921-A51A-B3B2C1D87417}
	EndGlobalSection
EndGlobal
